
Microsoft Visual Studio Solution File, Format Version 12.00
# Visual Studio Version 17
VisualStudioVersion = 17.0.31612.314
MinimumVisualStudioVersion = 10.0.40219.1
Project("{9A19103F-16F7-4668-BE54-9A1E7A4F7556}") = "VisualFTPWeb", "VisualFTPWeb.csproj", "{68E4CCDA-A212-4656-9819-2260F0F99D71}"
EndProject
Global
	GlobalSection(SolutionConfigurationPlatforms) = preSolution
		Debug|Any CPU = Debug|Any CPU
		Debug|x64 = Debug|x64
		Release|Any CPU = Release|Any CPU
		Release|x64 = Release|x64
	EndGlobalSection
	GlobalSection(ProjectConfigurationPlatforms) = postSolution
		{68E4CCDA-A212-4656-9819-2260F0F99D71}.Debug|Any CPU.ActiveCfg = Debug|Any CPU
		{68E4CCDA-A212-4656-9819-2260F0F99D71}.Debug|Any CPU.Build.0 = Debug|Any CPU
		{68E4CCDA-A212-4656-9819-2260F0F99D71}.Debug|x64.ActiveCfg = Debug|x64
		{68E4CCDA-A212-4656-9819-2260F0F99D71}.Debug|x64.Build.0 = Debug|x64
		{68E4CCDA-A212-4656-9819-2260F0F99D71}.Release|Any CPU.ActiveCfg = Release|Any CPU
		{68E4CCDA-A212-4656-9819-2260F0F99D71}.Release|Any CPU.Build.0 = Release|Any CPU
		{68E4CCDA-A212-4656-9819-2260F0F99D71}.Release|x64.ActiveCfg = Release|x64
		{68E4CCDA-A212-4656-9819-2260F0F99D71}.Release|x64.Build.0 = Release|x64
	EndGlobalSection
	GlobalSection(SolutionProperties) = preSolution
		HideSolutionNode = FALSE
	EndGlobalSection
	GlobalSection(ExtensibilityGlobals) = postSolution
		SolutionGuid = {35743163-AD80-45AA-8DC4-3C614532EDFD}
	EndGlobalSection
EndGlobal
